
Microsoft Visual Studio Solution File, Format Version 12.00
# Visual Studio Version 17
VisualStudioVersion = 17.4.33122.133
MinimumVisualStudioVersion = 10.0.40219.1
Project("{FAE04EC0-301F-11D3-BF4B-00C04F79EFBC}") = "Api-intro", "Api-intro\Api-intro.csproj", "{A240CE7C-97FC-45FD-9801-8D5E6D5921DF}"
EndProject
Global
	GlobalSection(SolutionConfigurationPlatforms) = preSolution
		Debug|Any CPU = Debug|Any CPU
		Release|Any CPU = Release|Any CPU
	EndGlobalSection
	GlobalSection(ProjectConfigurationPlatforms) = postSolution
		{A240CE7C-97FC-45FD-9801-8D5E6D5921DF}.Debug|Any CPU.ActiveCfg = Debug|Any CPU
		{A240CE7C-97FC-45FD-9801-8D5E6D5921DF}.Debug|Any CPU.Build.0 = Debug|Any CPU
		{A240CE7C-97FC-45FD-9801-8D5E6D5921DF}.Release|Any CPU.ActiveCfg = Release|Any CPU
		{A240CE7C-97FC-45FD-9801-8D5E6D5921DF}.Release|Any CPU.Build.0 = Release|Any CPU
	EndGlobalSection
	GlobalSection(SolutionProperties) = preSolution
		HideSolutionNode = FALSE
	EndGlobalSection
	GlobalSection(ExtensibilityGlobals) = postSolution
		SolutionGuid = {602BEB2D-43B4-4E41-96DD-1DF18D2A74F4}
	EndGlobalSection
EndGlobal
